{"1.1.0",
[{<<"genlib">>,
  {git,"https://github.com/rbkmoney/genlib",
       {ref,"8501050c19e5a36063cf0ae0d181245662bdfa32"}},
  0},
 {<<"ranch">>,{pkg,<<"ranch">>,<<"1.6.1">>},0},
 {<<"swab">>,{pkg,<<"swab">>,<<"1.0.4">>},0}]}.
[
{pkg_hash,[
 {<<"ranch">>, <<"2609724C9A7E163CA716A46C9087E037DB4262935F5D866122BA158ED917C233">>},
 {<<"swab">>, <<"A86E045397891B7C09394823F92627445C43874AA6ECDAB68D12D13728F9404F">>}]}
].
